// !$*UTF8*$!
{
	archiveVersion = 1;
	classes = {
	};
	objectVersion = 56;
	objects = {

/* Begin PBXBuildFile section */
		3BE392A12B32CDC600EB75B1 /* AppDelegate.swift in Sources */ = {isa = PBXBuildFile; fileRef = 3BE392A02B32CDC600EB75B1 /* AppDelegate.swift */; };
		3BE392A32B32CDC600EB75B1 /* SceneDelegate.swift in Sources */ = {isa = PBXBuildFile; fileRef = 3BE392A22B32CDC600EB75B1 /* SceneDelegate.swift */; };
		3BE392A52B32CDC600EB75B1 /* MainViewController.swift in Sources */ = {isa = PBXBuildFile; fileRef = 3BE392A42B32CDC600EB75B1 /* MainViewController.swift */; };
		3BE392A82B32CDC600EB75B1 /* Main.storyboard in Resources */ = {isa = PBXBuildFile; fileRef = 3BE392A62B32CDC600EB75B1 /* Main.storyboard */; };
		3BE392AA2B32CDC800EB75B1 /* Assets.xcassets in Resources */ = {isa = PBXBuildFile; fileRef = 3BE392A92B32CDC800EB75B1 /* Assets.xcassets */; };
		3BE392AD2B32CDC800EB75B1 /* LaunchScreen.storyboard in Resources */ = {isa = PBXBuildFile; fileRef = 3BE392AB2B32CDC800EB75B1 /* LaunchScreen.storyboard */; };
		3BE392C22B32D24E00EB75B1 /* PinLayout in Frameworks */ = {isa = PBXBuildFile; productRef = 3BE392C12B32D24E00EB75B1 /* PinLayout */; };
		3BE392C52B3AB08400EB75B1 /* FlexLayout in Frameworks */ = {isa = PBXBuildFile; productRef = 3BE392C42B3AB08400EB75B1 /* FlexLayout */; };
		3BE392C72B3AB7D600EB75B1 /* PlayViewController.swift in Sources */ = {isa = PBXBuildFile; fileRef = 3BE392C62B3AB7D600EB75B1 /* PlayViewController.swift */; };
/* End PBXBuildFile section */

/* Begin PBXFileReference section */
		3BE3929D2B32CDC600EB75B1 /* DynamicPlaybarExample.app */ = {isa = PBXFileReference; explicitFileType = wrapper.application; includeInIndex = 0; path = DynamicPlaybarExample.app; sourceTree = BUILT_PRODUCTS_DIR; };
		3BE392A02B32CDC600EB75B1 /* AppDelegate.swift */ = {isa = PBXFileReference; lastKnownFileType = sourcecode.swift; path = AppDelegate.swift; sourceTree = "<group>"; };
		3BE392A22B32CDC600EB75B1 /* SceneDelegate.swift */ = {isa = PBXFileReference; lastKnownFileType = sourcecode.swift; path = SceneDelegate.swift; sourceTree = "<group>"; };
		3BE392A42B32CDC600EB75B1 /* MainViewController.swift */ = {isa = PBXFileReference; lastKnownFileType = sourcecode.swift; path = MainViewController.swift; sourceTree = "<group>"; };
		3BE392A72B32CDC600EB75B1 /* Base */ = {isa = PBXFileReference; lastKnownFileType = file.storyboard; name = Base; path = Base.lproj/Main.storyboard; sourceTree = "<group>"; };
		3BE392A92B32CDC800EB75B1 /* Assets.xcassets */ = {isa = PBXFileReference; lastKnownFileType = folder.assetcatalog; path = Assets.xcassets; sourceTree = "<group>"; };
		3BE392AC2B32CDC800EB75B1 /* Base */ = {isa = PBXFileReference; lastKnownFileType = file.storyboard; name = Base; path = Base.lproj/LaunchScreen.storyboard; sourceTree = "<group>"; };
		3BE392AE2B32CDC800EB75B1 /* Info.plist */ = {isa = PBXFileReference; lastKnownFileType = text.plist.xml; path = Info.plist; sourceTree = "<group>"; };
		3BE392C62B3AB7D600EB75B1 /* PlayViewController.swift */ = {isa = PBXFileReference; lastKnownFileType = sourcecode.swift; path = PlayViewController.swift; sourceTree = "<group>"; };
/* End PBXFileReference section */

/* Begin PBXFrameworksBuildPhase section */
		3BE3929A2B32CDC600EB75B1 /* Frameworks */ = {
			isa = PBXFrameworksBuildPhase;
			buildActionMask = 2147483647;
			files = (
				3BE392C22B32D24E00EB75B1 /* PinLayout in Frameworks */,
				3BE392C52B3AB08400EB75B1 /* FlexLayout in Frameworks */,
			);
			runOnlyForDeploymentPostprocessing = 0;
		};
/* End PBXFrameworksBuildPhase section */

/* Begin PBXGroup section */
		3BE392942B32CDC600EB75B1 = {
			isa = PBXGroup;
			children = (
				3BE3929F2B32CDC600EB75B1 /* DynamicPlaybarExample */,
				3BE3929E2B32CDC600EB75B1 /* Products */,
			);
			sourceTree = "<group>";
		};
		3BE3929E2B32CDC600EB75B1 /* Products */ = {
			isa = PBXGroup;
			children = (
				3BE3929D2B32CDC600EB75B1 /* DynamicPlaybarExample.app */,
			);
			name = Products;
			sourceTree = "<group>";
		};
		3BE3929F2B32CDC600EB75B1 /* DynamicPlaybarExample */ = {
			isa = PBXGroup;
			children = (
				3BE392A02B32CDC600EB75B1 /* AppDelegate.swift */,
				3BE392A22B32CDC600EB75B1 /* SceneDelegate.swift */,
				3BE392A42B32CDC600EB75B1 /* MainViewController.swift */,
				3BE392C62B3AB7D600EB75B1 /* PlayViewController.swift */,
				3BE392A62B32CDC600EB75B1 /* Main.storyboard */,
				3BE392A92B32CDC800EB75B1 /* Assets.xcassets */,
				3BE392AB2B32CDC800EB75B1 /* LaunchScreen.storyboard */,
				3BE392AE2B32CDC800EB75B1 /* Info.plist */,
			);
			path = DynamicPlaybarExample;
			sourceTree = "<group>";
		};
/* End PBXGroup section */

/* Begin PBXNativeTarget section */
		3BE3929C2B32CDC600EB75B1 /* DynamicPlaybarExample */ = {
			isa = PBXNativeTarget;
			buildConfigurationList = 3BE392B12B32CDC800EB75B1 /* Build configuration list for PBXNativeTarget "DynamicPlaybarExample" */;
			buildPhases = (
				3BE392992B32CDC600EB75B1 /* Sources */,
				3BE3929A2B32CDC600EB75B1 /* Frameworks */,
				3BE3929B2B32CDC600EB75B1 /* Resources */,
			);
			buildRules = (
			);
			dependencies = (
			);
			name = DynamicPlaybarExample;
			packageProductDependencies = (
				3BE392C12B32D24E00EB75B1 /* PinLayout */,
				3BE392C42B3AB08400EB75B1 /* FlexLayout */,
			);
			productName = DynamicPlaybarExample;
			productReference = 3BE3929D2B32CDC600EB75B1 /* DynamicPlaybarExample.app */;
			productType = "com.apple.product-type.application";
		};
/* End PBXNativeTarget section */

/* Begin PBXProject section */
		3BE392952B32CDC600EB75B1 /* Project object */ = {
			isa = PBXProject;
			attributes = {
				BuildIndependentTargetsInParallel = 1;
				LastSwiftUpdateCheck = 1500;
				LastUpgradeCheck = 1500;
				TargetAttributes = {
					3BE3929C2B32CDC600EB75B1 = {
						CreatedOnToolsVersion = 15.0.1;
					};
				};
			};
			buildConfigurationList = 3BE392982B32CDC600EB75B1 /* Build configuration list for PBXProject "DynamicPlaybarExample" */;
			compatibilityVersion = "Xcode 14.0";
			developmentRegion = en;
			hasScannedForEncodings = 0;
			knownRegions = (
				en,
				Base,
			);
			mainGroup = 3BE392942B32CDC600EB75B1;
			packageReferences = (
				3BE392C02B32D24E00EB75B1 /* XCRemoteSwiftPackageReference "PinLayout" */,
				3BE392C32B3AB08400EB75B1 /* XCRemoteSwiftPackageReference "FlexLayout" */,
			);
			productRefGroup = 3BE3929E2B32CDC600EB75B1 /* Products */;
			projectDirPath = "";
			projectRoot = "";
			targets = (
				3BE3929C2B32CDC600EB75B1 /* DynamicPlaybarExample */,
			);
		};
/* End PBXProject section */

/* Begin PBXResourcesBuildPhase section */
		3BE3929B2B32CDC600EB75B1 /* Resources */ = {
			isa = PBXResourcesBuildPhase;
			buildActionMask = 2147483647;
			files = (
				3BE392AD2B32CDC800EB75B1 /* LaunchScreen.storyboard in Resources */,
				3BE392AA2B32CDC800EB75B1 /* Assets.xcassets in Resources */,
				3BE392A82B32CDC600EB75B1 /* Main.storyboard in Resources */,
			);
			runOnlyForDeploymentPostprocessing = 0;
		};
/* End PBXResourcesBuildPhase section */

/* Begin PBXSourcesBuildPhase section */
		3BE392992B32CDC600EB75B1 /* Sources */ = {
			isa = PBXSourcesBuildPhase;
			buildActionMask = 2147483647;
			files = (
				3BE392C72B3AB7D600EB75B1 /* PlayViewController.swift in Sources */,
				3BE392A52B32CDC600EB75B1 /* MainViewController.swift in Sources */,
				3BE392A12B32CDC600EB75B1 /* AppDelegate.swift in Sources */,
				3BE392A32B32CDC600EB75B1 /* SceneDelegate.swift in Sources */,
			);
			runOnlyForDeploymentPostprocessing = 0;
		};
/* End PBXSourcesBuildPhase section */

/* Begin PBXVariantGroup section */
		3BE392A62B32CDC600EB75B1 /* Main.storyboard */ = {
			isa = PBXVariantGroup;
			children = (
				3BE392A72B32CDC600EB75B1 /* Base */,
			);
			name = Main.storyboard;
			sourceTree = "<group>";
		};
		3BE392AB2B32CDC800EB75B1 /* LaunchScreen.storyboard */ = {
			isa = PBXVariantGroup;
			children = (
				3BE392AC2B32CDC800EB75B1 /* Base */,
			);
			name = LaunchScreen.storyboard;
			sourceTree = "<group>";
		};
/* End PBXVariantGroup section */

/* Begin XCBuildConfiguration section */
		3BE392AF2B32CDC800EB75B1 /* Debug */ = {
			isa = XCBuildConfiguration;
			buildSettings = {
				ALWAYS_SEARCH_USER_PATHS = NO;
				ASSETCATALOG_COMPILER_GENERATE_SWIFT_ASSET_SYMBOL_EXTENSIONS = YES;
				CLANG_ANALYZER_NONNULL = YES;
				CLANG_ANALYZER_NUMBER_OBJECT_CONVERSION = YES_AGGRESSIVE;
				CLANG_CXX_LANGUAGE_STANDARD = "gnu++20";
				CLANG_ENABLE_MODULES = YES;
				CLANG_ENABLE_OBJC_ARC = YES;
				CLANG_ENABLE_OBJC_WEAK = YES;
				CLANG_WARN_BLOCK_CAPTURE_AUTORELEASING = YES;
				CLANG_WARN_BOOL_CONVERSION = YES;
				CLANG_WARN_COMMA = YES;
				CLANG_WARN_CONSTANT_CONVERSION = YES;
				CLANG_WARN_DEPRECATED_OBJC_IMPLEMENTATIONS = YES;
				CLANG_WARN_DIRECT_OBJC_ISA_USAGE = YES_ERROR;
				CLANG_WARN_DOCUMENTATION_COMMENTS = YES;
				CLANG_WARN_EMPTY_BODY = YES;
				CLANG_WARN_ENUM_CONVERSION = YES;
				CLANG_WARN_INFINITE_RECURSION = YES;
				CLANG_WARN_INT_CONVERSION = YES;
				CLANG_WARN_NON_LITERAL_NULL_CONVERSION = YES;
				CLANG_WARN_OBJC_IMPLICIT_RETAIN_SELF = YES;
				CLANG_WARN_OBJC_LITERAL_CONVERSION = YES;
				CLANG_WARN_OBJC_ROOT_CLASS = YES_ERROR;
				CLANG_WARN_QUOTED_INCLUDE_IN_FRAMEWORK_HEADER = YES;
				CLANG_WARN_RANGE_LOOP_ANALYSIS = YES;
				CLANG_WARN_STRICT_PROTOTYPES = YES;
				CLANG_WARN_SUSPICIOUS_MOVE = YES;
				CLANG_WARN_UNGUARDED_AVAILABILITY = YES_AGGRESSIVE;
				CLANG_WARN_UNREACHABLE_CODE = YES;
				CLANG_WARN__DUPLICATE_METHOD_MATCH = YES;
				COPY_PHASE_STRIP = NO;
				DEBUG_INFORMATION_FORMAT = dwarf;
				ENABLE_STRICT_OBJC_MSGSEND = YES;
				ENABLE_TESTABILITY = YES;
				ENABLE_USER_SCRIPT_SANDBOXING = YES;
				GCC_C_LANGUAGE_STANDARD = gnu17;
				GCC_DYNAMIC_NO_PIC = NO;
				GCC_NO_COMMON_BLOCKS = YES;
				GCC_OPTIMIZATION_LEVEL = 0;
				GCC_PREPROCESSOR_DEFINITIONS = (
					"DEBUG=1",
					"$(inherited)",
				);
				GCC_WARN_64_TO_32_BIT_CONVERSION = YES;
				GCC_WARN_ABOUT_RETURN_TYPE = YES_ERROR;
				GCC_WARN_UNDECLARED_SELECTOR = YES;
				GCC_WARN_UNINITIALIZED_AUTOS = YES_AGGRESSIVE;
				GCC_WARN_UNUSED_FUNCTION = YES;
				GCC_WARN_UNUSED_VARIABLE = YES;
				IPHONEOS_DEPLOYMENT_TARGET = 17.0;
				LOCALIZATION_PREFERS_STRING_CATALOGS = YES;
				MTL_ENABLE_DEBUG_INFO = INCLUDE_SOURCE;
				MTL_FAST_MATH = YES;
				ONLY_ACTIVE_ARCH = YES;
				SDKROOT = iphoneos;
				SWIFT_ACTIVE_COMPILATION_CONDITIONS = "DEBUG $(inherited)";
				SWIFT_OPTIMIZATION_LEVEL = "-Onone";
			};
			name = Debug;
		};
		3BE392B02B32CDC800EB75B1 /* Release */ = {
			isa = XCBuildConfiguration;
			buildSettings = {
				ALWAYS_SEARCH_USER_PATHS = NO;
				ASSETCATALOG_COMPILER_GENERATE_SWIFT_ASSET_SYMBOL_EXTENSIONS = YES;
				CLANG_ANALYZER_NONNULL = YES;
				CLANG_ANALYZER_NUMBER_OBJECT_CONVERSION = YES_AGGRESSIVE;
				CLANG_CXX_LANGUAGE_STANDARD = "gnu++20";
				CLANG_ENABLE_MODULES = YES;
				CLANG_ENABLE_OBJC_ARC = YES;
				CLANG_ENABLE_OBJC_WEAK = YES;
				CLANG_WARN_BLOCK_CAPTURE_AUTORELEASING = YES;
				CLANG_WARN_BOOL_CONVERSION = YES;
				CLANG_WARN_COMMA = YES;
				CLANG_WARN_CONSTANT_CONVERSION = YES;
				CLANG_WARN_DEPRECATED_OBJC_IMPLEMENTATIONS = YES;
				CLANG_WARN_DIRECT_OBJC_ISA_USAGE = YES_ERROR;
				CLANG_WARN_DOCUMENTATION_COMMENTS = YES;
				CLANG_WARN_EMPTY_BODY = YES;
				CLANG_WARN_ENUM_CONVERSION = YES;
				CLANG_WARN_INFINITE_RECURSION = YES;
				CLANG_WARN_INT_CONVERSION = YES;
				CLANG_WARN_NON_LITERAL_NULL_CONVERSION = YES;
				CLANG_WARN_OBJC_IMPLICIT_RETAIN_SELF = YES;
				CLANG_WARN_OBJC_LITERAL_CONVERSION = YES;
				CLANG_WARN_OBJC_ROOT_CLASS = YES_ERROR;
				CLANG_WARN_QUOTED_INCLUDE_IN_FRAMEWORK_HEADER = YES;
				CLANG_WARN_RANGE_LOOP_ANALYSIS = YES;
				CLANG_WARN_STRICT_PROTOTYPES = YES;
				CLANG_WARN_SUSPICIOUS_MOVE = YES;
				CLANG_WARN_UNGUARDED_AVAILABILITY = YES_AGGRESSIVE;
				CLANG_WARN_UNREACHABLE_CODE = YES;
				CLANG_WARN__DUPLICATE_METHOD_MATCH = YES;
				COPY_PHASE_STRIP = NO;
				DEBUG_INFORMATION_FORMAT = "dwarf-with-dsym";
				ENABLE_NS_ASSERTIONS = NO;
				ENABLE_STRICT_OBJC_MSGSEND = YES;
				ENABLE_USER_SCRIPT_SANDBOXING = YES;
				GCC_C_LANGUAGE_STANDARD = gnu17;
				GCC_NO_COMMON_BLOCKS = YES;
				GCC_WARN_64_TO_32_BIT_CONVERSION = YES;
				GCC_WARN_ABOUT_RETURN_TYPE = YES_ERROR;
				GCC_WARN_UNDECLARED_SELECTOR = YES;
				GCC_WARN_UNINITIALIZED_AUTOS = YES_AGGRESSIVE;
				GCC_WARN_UNUSED_FUNCTION = YES;
				GCC_WARN_UNUSED_VARIABLE = YES;
				IPHONEOS_DEPLOYMENT_TARGET = 17.0;
				LOCALIZATION_PREFERS_STRING_CATALOGS = YES;
				MTL_ENABLE_DEBUG_INFO = NO;
				MTL_FAST_MATH = YES;
				SDKROOT = iphoneos;
				SWIFT_COMPILATION_MODE = wholemodule;
				VALIDATE_PRODUCT = YES;
			};
			name = Release;
		};
		3BE392B22B32CDC800EB75B1 /* Debug */ = {
			isa = XCBuildConfiguration;
			buildSettings = {
				ASSETCATALOG_COMPILER_APPICON_NAME = AppIcon;
				ASSETCATALOG_COMPILER_GLOBAL_ACCENT_COLOR_NAME = AccentColor;
				CODE_SIGN_STYLE = Automatic;
				CURRENT_PROJECT_VERSION = 1;
				DEVELOPMENT_TEAM = 9H9825MDB8;
				GCC_PREPROCESSOR_DEFINITIONS = (
					"FLEXLAYOUT_SWIFT_PACKAGE=1",
					"DEBUG=1",
					"$(inherited)",
				);
				GENERATE_INFOPLIST_FILE = YES;
				INFOPLIST_FILE = DynamicPlaybarExample/Info.plist;
				INFOPLIST_KEY_UIApplicationSupportsIndirectInputEvents = YES;
				INFOPLIST_KEY_UILaunchStoryboardName = LaunchScreen;
				INFOPLIST_KEY_UIMainStoryboardFile = Main;
				INFOPLIST_KEY_UISupportedInterfaceOrientations_iPad = "UIInterfaceOrientationPortrait UIInterfaceOrientationPortraitUpsideDown UIInterfaceOrientationLandscapeLeft UIInterfaceOrientationLandscapeRight";
				INFOPLIST_KEY_UISupportedInterfaceOrientations_iPhone = "UIInterfaceOrientationPortrait UIInterfaceOrientationLandscapeLeft UIInterfaceOrientationLandscapeRight";
				LD_RUNPATH_SEARCH_PATHS = (
					"$(inherited)",
					"@executable_path/Frameworks",
				);
				MARKETING_VERSION = 1.0;
				PRODUCT_BUNDLE_IDENTIFIER = com.hellojelly.DynamicPlaybarExample;
				PRODUCT_NAME = "$(TARGET_NAME)";
				SWIFT_EMIT_LOC_STRINGS = YES;
				SWIFT_VERSION = 5.0;
				TARGETED_DEVICE_FAMILY = "1,2";
			};
			name = Debug;
		};
		3BE392B32B32CDC800EB75B1 /* Release */ = {
			isa = XCBuildConfiguration;
			buildSettings = {
				ASSETCATALOG_COMPILER_APPICON_NAME = AppIcon;
				ASSETCATALOG_COMPILER_GLOBAL_ACCENT_COLOR_NAME = AccentColor;
				CODE_SIGN_STYLE = Automatic;
				CURRENT_PROJECT_VERSION = 1;
				DEVELOPMENT_TEAM = 9H9825MDB8;
				GCC_PREPROCESSOR_DEFINITIONS = "FLEXLAYOUT_SWIFT_PACKAGE=1";
				GENERATE_INFOPLIST_FILE = YES;
				INFOPLIST_FILE = DynamicPlaybarExample/Info.plist;
				INFOPLIST_KEY_UIApplicationSupportsIndirectInputEvents = YES;
				INFOPLIST_KEY_UILaunchStoryboardName = LaunchScreen;
				INFOPLIST_KEY_UIMainStoryboardFile = Main;
				INFOPLIST_KEY_UISupportedInterfaceOrientations_iPad = "UIInterfaceOrientationPortrait UIInterfaceOrientationPortraitUpsideDown UIInterfaceOrientationLandscapeLeft UIInterfaceOrientationLandscapeRight";
				INFOPLIST_KEY_UISupportedInterfaceOrientations_iPhone = "UIInterfaceOrientationPortrait UIInterfaceOrientationLandscapeLeft UIInterfaceOrientationLandscapeRight";
				LD_RUNPATH_SEARCH_PATHS = (
					"$(inherited)",
					"@executable_path/Frameworks",
				);
				MARKETING_VERSION = 1.0;
				PRODUCT_BUNDLE_IDENTIFIER = com.hellojelly.DynamicPlaybarExample;
				PRODUCT_NAME = "$(TARGET_NAME)";
				SWIFT_EMIT_LOC_STRINGS = YES;
				SWIFT_VERSION = 5.0;
				TARGETED_DEVICE_FAMILY = "1,2";
			};
			name = Release;
		};
/* End XCBuildConfiguration section */

/* Begin XCConfigurationList section */
		3BE392982B32CDC600EB75B1 /* Build configuration list for PBXProject "DynamicPlaybarExample" */ = {
			isa = XCConfigurationList;
			buildConfigurations = (
				3BE392AF2B32CDC800EB75B1 /* Debug */,
				3BE392B02B32CDC800EB75B1 /* Release */,
			);
			defaultConfigurationIsVisible = 0;
			defaultConfigurationName = Release;
		};
		3BE392B12B32CDC800EB75B1 /* Build configuration list for PBXNativeTarget "DynamicPlaybarExample" */ = {
			isa = XCConfigurationList;
			buildConfigurations = (
				3BE392B22B32CDC800EB75B1 /* Debug */,
				3BE392B32B32CDC800EB75B1 /* Release */,
			);
			defaultConfigurationIsVisible = 0;
			defaultConfigurationName = Release;
		};
/* End XCConfigurationList section */

/* Begin XCRemoteSwiftPackageReference section */
		3BE392C02B32D24E00EB75B1 /* XCRemoteSwiftPackageReference "PinLayout" */ = {
			isa = XCRemoteSwiftPackageReference;
			repositoryURL = "https://github.com/layoutBox/PinLayout.git";
			requirement = {
				kind = upToNextMajorVersion;
				minimumVersion = 1.10.5;
			};
		};
		3BE392C32B3AB08400EB75B1 /* XCRemoteSwiftPackageReference "FlexLayout" */ = {
			isa = XCRemoteSwiftPackageReference;
			repositoryURL = "https://github.com/layoutBox/FlexLayout.git";
			requirement = {
				kind = upToNextMajorVersion;
				minimumVersion = 2.0.3;
			};
		};
/* End XCRemoteSwiftPackageReference section */

/* Begin XCSwiftPackageProductDependency section */
		3BE392C12B32D24E00EB75B1 /* PinLayout */ = {
			isa = XCSwiftPackageProductDependency;
			package = 3BE392C02B32D24E00EB75B1 /* XCRemoteSwiftPackageReference "PinLayout" */;
			productName = PinLayout;
		};
		3BE392C42B3AB08400EB75B1 /* FlexLayout */ = {
			isa = XCSwiftPackageProductDependency;
			package = 3BE392C32B3AB08400EB75B1 /* XCRemoteSwiftPackageReference "FlexLayout" */;
			productName = FlexLayout;
		};
/* End XCSwiftPackageProductDependency section */
	};
	rootObject = 3BE392952B32CDC600EB75B1 /* Project object */;
}
